
Microsoft Visual Studio Solution File, Format Version 12.00
# Visual Studio 15
VisualStudioVersion = 15.0.27703.2042
MinimumVisualStudioVersion = 10.0.40219.1
Project("{FAE04EC0-301F-11D3-BF4B-00C04F79EFBC}") = "ReduxNET", "ReduxNET\ReduxNET.csproj", "{3BC0AC7E-3B3B-4D3F-9CC0-B2BDECC460A6}"
EndProject
Project("{9A19103F-16F7-4668-BE54-9A1E7A4F7556}") = "Core", "Core\Core.csproj", "{EBA3C1B5-3863-40AD-B2E9-D0F0E6E37E06}"
EndProject
Project("{FAE04EC0-301F-11D3-BF4B-00C04F79EFBC}") = "ReduxNet", "ReduxNet.iOS\ReduxNet\ReduxNet.csproj", "{E265D2ED-29E4-4BE0-AF61-FCBF384C8D3B}"
EndProject
Project("{F2A71F9B-5D33-465A-A702-920D77279786}") = "DomainF", "Domain\DomainF.fsproj", "{FCEC4475-24FE-465F-A7B5-5796886C3BED}"
EndProject
Global
	GlobalSection(SolutionConfigurationPlatforms) = preSolution
		Debug|Any CPU = Debug|Any CPU
		Debug|iPhone = Debug|iPhone
		Debug|iPhoneSimulator = Debug|iPhoneSimulator
		Release|Any CPU = Release|Any CPU
		Release|iPhone = Release|iPhone
		Release|iPhoneSimulator = Release|iPhoneSimulator
	EndGlobalSection
	GlobalSection(ProjectConfigurationPlatforms) = postSolution
		{3BC0AC7E-3B3B-4D3F-9CC0-B2BDECC460A6}.Debug|Any CPU.ActiveCfg = Debug|Any CPU
		{3BC0AC7E-3B3B-4D3F-9CC0-B2BDECC460A6}.Debug|Any CPU.Build.0 = Debug|Any CPU
		{3BC0AC7E-3B3B-4D3F-9CC0-B2BDECC460A6}.Debug|Any CPU.Deploy.0 = Debug|Any CPU
		{3BC0AC7E-3B3B-4D3F-9CC0-B2BDECC460A6}.Debug|iPhone.ActiveCfg = Debug|Any CPU
		{3BC0AC7E-3B3B-4D3F-9CC0-B2BDECC460A6}.Debug|iPhone.Build.0 = Debug|Any CPU
		{3BC0AC7E-3B3B-4D3F-9CC0-B2BDECC460A6}.Debug|iPhoneSimulator.ActiveCfg = Debug|Any CPU
		{3BC0AC7E-3B3B-4D3F-9CC0-B2BDECC460A6}.Debug|iPhoneSimulator.Build.0 = Debug|Any CPU
		{3BC0AC7E-3B3B-4D3F-9CC0-B2BDECC460A6}.Release|Any CPU.ActiveCfg = Release|Any CPU
		{3BC0AC7E-3B3B-4D3F-9CC0-B2BDECC460A6}.Release|Any CPU.Build.0 = Release|Any CPU
		{3BC0AC7E-3B3B-4D3F-9CC0-B2BDECC460A6}.Release|Any CPU.Deploy.0 = Release|Any CPU
		{3BC0AC7E-3B3B-4D3F-9CC0-B2BDECC460A6}.Release|iPhone.ActiveCfg = Release|Any CPU
		{3BC0AC7E-3B3B-4D3F-9CC0-B2BDECC460A6}.Release|iPhone.Build.0 = Release|Any CPU
		{3BC0AC7E-3B3B-4D3F-9CC0-B2BDECC460A6}.Release|iPhoneSimulator.ActiveCfg = Release|Any CPU
		{3BC0AC7E-3B3B-4D3F-9CC0-B2BDECC460A6}.Release|iPhoneSimulator.Build.0 = Release|Any CPU
		{EBA3C1B5-3863-40AD-B2E9-D0F0E6E37E06}.Debug|Any CPU.ActiveCfg = Debug|Any CPU
		{EBA3C1B5-3863-40AD-B2E9-D0F0E6E37E06}.Debug|Any CPU.Build.0 = Debug|Any CPU
		{EBA3C1B5-3863-40AD-B2E9-D0F0E6E37E06}.Debug|iPhone.ActiveCfg = Debug|Any CPU
		{EBA3C1B5-3863-40AD-B2E9-D0F0E6E37E06}.Debug|iPhone.Build.0 = Debug|Any CPU
		{EBA3C1B5-3863-40AD-B2E9-D0F0E6E37E06}.Debug|iPhoneSimulator.ActiveCfg = Debug|Any CPU
		{EBA3C1B5-3863-40AD-B2E9-D0F0E6E37E06}.Debug|iPhoneSimulator.Build.0 = Debug|Any CPU
		{EBA3C1B5-3863-40AD-B2E9-D0F0E6E37E06}.Release|Any CPU.ActiveCfg = Release|Any CPU
		{EBA3C1B5-3863-40AD-B2E9-D0F0E6E37E06}.Release|Any CPU.Build.0 = Release|Any CPU
		{EBA3C1B5-3863-40AD-B2E9-D0F0E6E37E06}.Release|iPhone.ActiveCfg = Release|Any CPU
		{EBA3C1B5-3863-40AD-B2E9-D0F0E6E37E06}.Release|iPhone.Build.0 = Release|Any CPU
		{EBA3C1B5-3863-40AD-B2E9-D0F0E6E37E06}.Release|iPhoneSimulator.ActiveCfg = Release|Any CPU
		{EBA3C1B5-3863-40AD-B2E9-D0F0E6E37E06}.Release|iPhoneSimulator.Build.0 = Release|Any CPU
		{E265D2ED-29E4-4BE0-AF61-FCBF384C8D3B}.Debug|Any CPU.ActiveCfg = Debug|iPhoneSimulator
		{E265D2ED-29E4-4BE0-AF61-FCBF384C8D3B}.Debug|Any CPU.Build.0 = Debug|iPhoneSimulator
		{E265D2ED-29E4-4BE0-AF61-FCBF384C8D3B}.Debug|iPhone.ActiveCfg = Debug|iPhone
		{E265D2ED-29E4-4BE0-AF61-FCBF384C8D3B}.Debug|iPhone.Build.0 = Debug|iPhone
		{E265D2ED-29E4-4BE0-AF61-FCBF384C8D3B}.Debug|iPhoneSimulator.ActiveCfg = Debug|iPhoneSimulator
		{E265D2ED-29E4-4BE0-AF61-FCBF384C8D3B}.Debug|iPhoneSimulator.Build.0 = Debug|iPhoneSimulator
		{E265D2ED-29E4-4BE0-AF61-FCBF384C8D3B}.Release|Any CPU.ActiveCfg = Release|iPhone
		{E265D2ED-29E4-4BE0-AF61-FCBF384C8D3B}.Release|Any CPU.Build.0 = Release|iPhone
		{E265D2ED-29E4-4BE0-AF61-FCBF384C8D3B}.Release|iPhone.ActiveCfg = Release|iPhone
		{E265D2ED-29E4-4BE0-AF61-FCBF384C8D3B}.Release|iPhone.Build.0 = Release|iPhone
		{E265D2ED-29E4-4BE0-AF61-FCBF384C8D3B}.Release|iPhoneSimulator.ActiveCfg = Release|iPhoneSimulator
		{E265D2ED-29E4-4BE0-AF61-FCBF384C8D3B}.Release|iPhoneSimulator.Build.0 = Release|iPhoneSimulator
		{FCEC4475-24FE-465F-A7B5-5796886C3BED}.Debug|Any CPU.ActiveCfg = Debug|Any CPU
		{FCEC4475-24FE-465F-A7B5-5796886C3BED}.Debug|Any CPU.Build.0 = Debug|Any CPU
		{FCEC4475-24FE-465F-A7B5-5796886C3BED}.Debug|iPhone.ActiveCfg = Debug|Any CPU
		{FCEC4475-24FE-465F-A7B5-5796886C3BED}.Debug|iPhone.Build.0 = Debug|Any CPU
		{FCEC4475-24FE-465F-A7B5-5796886C3BED}.Debug|iPhoneSimulator.ActiveCfg = Debug|Any CPU
		{FCEC4475-24FE-465F-A7B5-5796886C3BED}.Debug|iPhoneSimulator.Build.0 = Debug|Any CPU
		{FCEC4475-24FE-465F-A7B5-5796886C3BED}.Release|Any CPU.ActiveCfg = Release|Any CPU
		{FCEC4475-24FE-465F-A7B5-5796886C3BED}.Release|Any CPU.Build.0 = Release|Any CPU
		{FCEC4475-24FE-465F-A7B5-5796886C3BED}.Release|iPhone.ActiveCfg = Release|Any CPU
		{FCEC4475-24FE-465F-A7B5-5796886C3BED}.Release|iPhone.Build.0 = Release|Any CPU
		{FCEC4475-24FE-465F-A7B5-5796886C3BED}.Release|iPhoneSimulator.ActiveCfg = Release|Any CPU
		{FCEC4475-24FE-465F-A7B5-5796886C3BED}.Release|iPhoneSimulator.Build.0 = Release|Any CPU
	EndGlobalSection
	GlobalSection(SolutionProperties) = preSolution
		HideSolutionNode = FALSE
	EndGlobalSection
	GlobalSection(ExtensibilityGlobals) = postSolution
		SolutionGuid = {F220DB7F-BDDC-47E3-A5FB-DA704FF6A1E3}
	EndGlobalSection
EndGlobal
